
Microsoft Visual Studio Solution File, Format Version 12.00
# Visual Studio Version 16
VisualStudioVersion = 25.0.1706.11
MinimumVisualStudioVersion = 10.0.40219.1
Project("{FAE04EC0-301F-11D3-BF4B-00C04F79EFBC}") = "Bundled", "Bundled.csproj", "{EEAD2E60-B813-49DB-8F42-24DED1349BCA}"
EndProject
Global
	GlobalSection(SolutionConfigurationPlatforms) = preSolution
		Debug|Any CPU = Debug|Any CPU
		Release|Any CPU = Release|Any CPU
	EndGlobalSection
	GlobalSection(ProjectConfigurationPlatforms) = postSolution
		{EEAD2E60-B813-49DB-8F42-24DED1349BCA}.Debug|Any CPU.ActiveCfg = Debug|Any CPU
		{EEAD2E60-B813-49DB-8F42-24DED1349BCA}.Debug|Any CPU.Build.0 = Debug|Any CPU
		{EEAD2E60-B813-49DB-8F42-24DED1349BCA}.Release|Any CPU.ActiveCfg = Release|Any CPU
		{EEAD2E60-B813-49DB-8F42-24DED1349BCA}.Release|Any CPU.Build.0 = Release|Any CPU
	EndGlobalSection
	GlobalSection(SolutionProperties) = preSolution
		HideSolutionNode = FALSE
	EndGlobalSection
	GlobalSection(ExtensibilityGlobals) = postSolution
		SolutionGuid = {55B1E5F6-2613-4B55-9FE3-F60279F2BC01}
	EndGlobalSection
EndGlobal
